
Microsoft Visual Studio Solution File, Format Version 12.00
# Visual Studio Version 16
VisualStudioVersion = 16.0.31112.23
MinimumVisualStudioVersion = 10.0.40219.1
Project("{8BC9CEB8-8B4A-11D0-8D11-00A0C91BC942}") = "vac_p495_배열 매개변수", "vac_p495_배열 매개변수\vac_p495_배열 매개변수.vcxproj", "{5F38D6C6-2288-45EE-81CF-1FA56FA3EEBD}"
EndProject
Global
	GlobalSection(SolutionConfigurationPlatforms) = preSolution
		Debug|x64 = Debug|x64
		Debug|x86 = Debug|x86
		Release|x64 = Release|x64
		Release|x86 = Release|x86
	EndGlobalSection
	GlobalSection(ProjectConfigurationPlatforms) = postSolution
		{5F38D6C6-2288-45EE-81CF-1FA56FA3EEBD}.Debug|x64.ActiveCfg = Debug|x64
		{5F38D6C6-2288-45EE-81CF-1FA56FA3EEBD}.Debug|x64.Build.0 = Debug|x64
		{5F38D6C6-2288-45EE-81CF-1FA56FA3EEBD}.Debug|x86.ActiveCfg = Debug|Win32
		{5F38D6C6-2288-45EE-81CF-1FA56FA3EEBD}.Debug|x86.Build.0 = Debug|Win32
		{5F38D6C6-2288-45EE-81CF-1FA56FA3EEBD}.Release|x64.ActiveCfg = Release|x64
		{5F38D6C6-2288-45EE-81CF-1FA56FA3EEBD}.Release|x64.Build.0 = Release|x64
		{5F38D6C6-2288-45EE-81CF-1FA56FA3EEBD}.Release|x86.ActiveCfg = Release|Win32
		{5F38D6C6-2288-45EE-81CF-1FA56FA3EEBD}.Release|x86.Build.0 = Release|Win32
	EndGlobalSection
	GlobalSection(SolutionProperties) = preSolution
		HideSolutionNode = FALSE
	EndGlobalSection
	GlobalSection(ExtensibilityGlobals) = postSolution
		SolutionGuid = {8C541244-2F32-4045-84F2-EF2BB3312979}
	EndGlobalSection
EndGlobal
