
Microsoft Visual Studio Solution File, Format Version 12.00
# Visual Studio Version 16
VisualStudioVersion = 16.0.31112.23
MinimumVisualStudioVersion = 10.0.40219.1
Project("{8BC9CEB8-8B4A-11D0-8D11-00A0C91BC942}") = "vac_chap6", "vac_chap6\vac_chap6.vcxproj", "{1E8D2441-658F-45A6-A913-5416E2575AA6}"
EndProject
Global
	GlobalSection(SolutionConfigurationPlatforms) = preSolution
		Debug|x64 = Debug|x64
		Debug|x86 = Debug|x86
		Release|x64 = Release|x64
		Release|x86 = Release|x86
	EndGlobalSection
	GlobalSection(ProjectConfigurationPlatforms) = postSolution
		{1E8D2441-658F-45A6-A913-5416E2575AA6}.Debug|x64.ActiveCfg = Debug|x64
		{1E8D2441-658F-45A6-A913-5416E2575AA6}.Debug|x64.Build.0 = Debug|x64
		{1E8D2441-658F-45A6-A913-5416E2575AA6}.Debug|x86.ActiveCfg = Debug|Win32
		{1E8D2441-658F-45A6-A913-5416E2575AA6}.Debug|x86.Build.0 = Debug|Win32
		{1E8D2441-658F-45A6-A913-5416E2575AA6}.Release|x64.ActiveCfg = Release|x64
		{1E8D2441-658F-45A6-A913-5416E2575AA6}.Release|x64.Build.0 = Release|x64
		{1E8D2441-658F-45A6-A913-5416E2575AA6}.Release|x86.ActiveCfg = Release|Win32
		{1E8D2441-658F-45A6-A913-5416E2575AA6}.Release|x86.Build.0 = Release|Win32
	EndGlobalSection
	GlobalSection(SolutionProperties) = preSolution
		HideSolutionNode = FALSE
	EndGlobalSection
	GlobalSection(ExtensibilityGlobals) = postSolution
		SolutionGuid = {38985FD4-88F8-4035-83B2-5DAB1A95BC36}
	EndGlobalSection
EndGlobal
